
Microsoft Visual Studio Solution File, Format Version 12.00
# Visual Studio Version 17
VisualStudioVersion = 17.1.32210.238
MinimumVisualStudioVersion = 10.0.40219.1
Project("{8BC9CEB8-8B4A-11D0-8D11-00A0C91BC942}") = "Game", "Game.vcxproj", "{6A1D0A2A-804B-4866-B1FF-1391CC484A1E}"
EndProject
Global
	GlobalSection(SolutionConfigurationPlatforms) = preSolution
		Debug|x64 = Debug|x64
		Debug|x86 = Debug|x86
		Release|x64 = Release|x64
		Release|x86 = Release|x86
	EndGlobalSection
	GlobalSection(ProjectConfigurationPlatforms) = postSolution
		{6A1D0A2A-804B-4866-B1FF-1391CC484A1E}.Debug|x64.ActiveCfg = Debug|x64
		{6A1D0A2A-804B-4866-B1FF-1391CC484A1E}.Debug|x64.Build.0 = Debug|x64
		{6A1D0A2A-804B-4866-B1FF-1391CC484A1E}.Debug|x86.ActiveCfg = Debug|Win32
		{6A1D0A2A-804B-4866-B1FF-1391CC484A1E}.Debug|x86.Build.0 = Debug|Win32
		{6A1D0A2A-804B-4866-B1FF-1391CC484A1E}.Release|x64.ActiveCfg = Release|x64
		{6A1D0A2A-804B-4866-B1FF-1391CC484A1E}.Release|x64.Build.0 = Release|x64
		{6A1D0A2A-804B-4866-B1FF-1391CC484A1E}.Release|x86.ActiveCfg = Release|Win32
		{6A1D0A2A-804B-4866-B1FF-1391CC484A1E}.Release|x86.Build.0 = Release|Win32
	EndGlobalSection
	GlobalSection(SolutionProperties) = preSolution
		HideSolutionNode = FALSE
	EndGlobalSection
	GlobalSection(ExtensibilityGlobals) = postSolution
		SolutionGuid = {37CF27AD-8B43-4AB1-B699-2F14BC46B4C2}
	EndGlobalSection
EndGlobal
